# @generated by Move, please check-in and do not edit manually.

[move]
version = 3
manifest_digest = "45BE1A6D6C99BA19FE7DE27CCA91499CA374173EA7CB93ED889FBF8B8F771235"
deps_digest = "F8BBB0CCB2491CA29A3DF03D6F92277A4F3574266507ACD77214D37ECA3F3082"
dependencies = [
  { id = "Sui", name = "Sui" },
]

[[move.package]]
id = "MoveStdlib"
source = { git = "https://github.com/MystenLabs/sui.git", rev = "framework/testnet", subdir = "crates\\sui-framework\\packages\\move-stdlib" }

[[move.package]]
id = "Sui"
source = { git = "https://github.com/MystenLabs/sui.git", rev = "framework/testnet", subdir = "crates/sui-framework/packages/sui-framework" }

dependencies = [
  { id = "MoveStdlib", name = "MoveStdlib" },
]

[move.toolchain-version]
compiler-version = "1.62.0"
edition = "2024"
flavor = "sui"

[env]

[env.devnet]
chain-id = "fd002ee3"
original-published-id = "0xb308c263113d92ce78941ea4bfb624124bf7c253c5e249674814dfe08a894efc"
latest-published-id = "0xb308c263113d92ce78941ea4bfb624124bf7c253c5e249674814dfe08a894efc"
published-version = "1"

[env.testnet]
chain-id = "4c78adac"
original-published-id = "0x5020b2073780e44c582daa9c8ba54a2097c83acbac5f68583faf76b5bf890016"
latest-published-id = "0x5020b2073780e44c582daa9c8ba54a2097c83acbac5f68583faf76b5bf890016"
published-version = "1"
